
Microsoft Visual Studio Solution File, Format Version 12.00
# Visual Studio Version 17
VisualStudioVersion = 17.2.32616.157
MinimumVisualStudioVersion = 10.0.40219.1
Project("{9A19103F-16F7-4668-BE54-9A1E7A4F7556}") = "Greggs.Products.Api", "Greggs.Products.Api\Greggs.Products.Api.csproj", "{007260C8-D357-4E89-B176-9AB9A09B2FE1}"
EndProject
Project("{9A19103F-16F7-4668-BE54-9A1E7A4F7556}") = "Greggs.Products.UnitTests", "Greggs.Products.UnitTests\Greggs.Products.UnitTests.csproj", "{F5E1CF54-E437-4B89-9779-C77FF9A0644A}"
EndProject
Project("{9A19103F-16F7-4668-BE54-9A1E7A4F7556}") = "Greggs.Products.Application", "Greggs.Products.Application\Greggs.Products.Application.csproj", "{9D1EC37E-D98F-4472-AE01-CCFD0D2CEB7F}"
EndProject
Project("{9A19103F-16F7-4668-BE54-9A1E7A4F7556}") = "Greggs.Products.Models", "Greggs.Products.Models\Greggs.Products.Models.csproj", "{8ACB88F7-BCB2-41D3-8345-1BD0C603F8A7}"
EndProject
Project("{FAE04EC0-301F-11D3-BF4B-00C04F79EFBC}") = "Greggs.Products.IntegrationTests", "Greggs.Products.FunctionalTests\Greggs.Products.IntegrationTests.csproj", "{8C124932-BACE-4A6D-81EF-78459BE6EDBA}"
EndProject
Global
	GlobalSection(SolutionConfigurationPlatforms) = preSolution
		Debug|Any CPU = Debug|Any CPU
		Debug|x64 = Debug|x64
		Debug|x86 = Debug|x86
		Release|Any CPU = Release|Any CPU
		Release|x64 = Release|x64
		Release|x86 = Release|x86
	EndGlobalSection
	GlobalSection(ProjectConfigurationPlatforms) = postSolution
		{007260C8-D357-4E89-B176-9AB9A09B2FE1}.Debug|Any CPU.ActiveCfg = Debug|Any CPU
		{007260C8-D357-4E89-B176-9AB9A09B2FE1}.Debug|Any CPU.Build.0 = Debug|Any CPU
		{007260C8-D357-4E89-B176-9AB9A09B2FE1}.Debug|x64.ActiveCfg = Debug|Any CPU
		{007260C8-D357-4E89-B176-9AB9A09B2FE1}.Debug|x64.Build.0 = Debug|Any CPU
		{007260C8-D357-4E89-B176-9AB9A09B2FE1}.Debug|x86.ActiveCfg = Debug|Any CPU
		{007260C8-D357-4E89-B176-9AB9A09B2FE1}.Debug|x86.Build.0 = Debug|Any CPU
		{007260C8-D357-4E89-B176-9AB9A09B2FE1}.Release|Any CPU.ActiveCfg = Release|Any CPU
		{007260C8-D357-4E89-B176-9AB9A09B2FE1}.Release|Any CPU.Build.0 = Release|Any CPU
		{007260C8-D357-4E89-B176-9AB9A09B2FE1}.Release|x64.ActiveCfg = Release|Any CPU
		{007260C8-D357-4E89-B176-9AB9A09B2FE1}.Release|x64.Build.0 = Release|Any CPU
		{007260C8-D357-4E89-B176-9AB9A09B2FE1}.Release|x86.ActiveCfg = Release|Any CPU
		{007260C8-D357-4E89-B176-9AB9A09B2FE1}.Release|x86.Build.0 = Release|Any CPU
		{F5E1CF54-E437-4B89-9779-C77FF9A0644A}.Debug|Any CPU.ActiveCfg = Debug|Any CPU
		{F5E1CF54-E437-4B89-9779-C77FF9A0644A}.Debug|Any CPU.Build.0 = Debug|Any CPU
		{F5E1CF54-E437-4B89-9779-C77FF9A0644A}.Debug|x64.ActiveCfg = Debug|Any CPU
		{F5E1CF54-E437-4B89-9779-C77FF9A0644A}.Debug|x64.Build.0 = Debug|Any CPU
		{F5E1CF54-E437-4B89-9779-C77FF9A0644A}.Debug|x86.ActiveCfg = Debug|Any CPU
		{F5E1CF54-E437-4B89-9779-C77FF9A0644A}.Debug|x86.Build.0 = Debug|Any CPU
		{F5E1CF54-E437-4B89-9779-C77FF9A0644A}.Release|Any CPU.ActiveCfg = Release|Any CPU
		{F5E1CF54-E437-4B89-9779-C77FF9A0644A}.Release|Any CPU.Build.0 = Release|Any CPU
		{F5E1CF54-E437-4B89-9779-C77FF9A0644A}.Release|x64.ActiveCfg = Release|Any CPU
		{F5E1CF54-E437-4B89-9779-C77FF9A0644A}.Release|x64.Build.0 = Release|Any CPU
		{F5E1CF54-E437-4B89-9779-C77FF9A0644A}.Release|x86.ActiveCfg = Release|Any CPU
		{F5E1CF54-E437-4B89-9779-C77FF9A0644A}.Release|x86.Build.0 = Release|Any CPU
		{9D1EC37E-D98F-4472-AE01-CCFD0D2CEB7F}.Debug|Any CPU.ActiveCfg = Debug|Any CPU
		{9D1EC37E-D98F-4472-AE01-CCFD0D2CEB7F}.Debug|Any CPU.Build.0 = Debug|Any CPU
		{9D1EC37E-D98F-4472-AE01-CCFD0D2CEB7F}.Debug|x64.ActiveCfg = Debug|Any CPU
		{9D1EC37E-D98F-4472-AE01-CCFD0D2CEB7F}.Debug|x64.Build.0 = Debug|Any CPU
		{9D1EC37E-D98F-4472-AE01-CCFD0D2CEB7F}.Debug|x86.ActiveCfg = Debug|Any CPU
		{9D1EC37E-D98F-4472-AE01-CCFD0D2CEB7F}.Debug|x86.Build.0 = Debug|Any CPU
		{9D1EC37E-D98F-4472-AE01-CCFD0D2CEB7F}.Release|Any CPU.ActiveCfg = Release|Any CPU
		{9D1EC37E-D98F-4472-AE01-CCFD0D2CEB7F}.Release|Any CPU.Build.0 = Release|Any CPU
		{9D1EC37E-D98F-4472-AE01-CCFD0D2CEB7F}.Release|x64.ActiveCfg = Release|Any CPU
		{9D1EC37E-D98F-4472-AE01-CCFD0D2CEB7F}.Release|x64.Build.0 = Release|Any CPU
		{9D1EC37E-D98F-4472-AE01-CCFD0D2CEB7F}.Release|x86.ActiveCfg = Release|Any CPU
		{9D1EC37E-D98F-4472-AE01-CCFD0D2CEB7F}.Release|x86.Build.0 = Release|Any CPU
		{8ACB88F7-BCB2-41D3-8345-1BD0C603F8A7}.Debug|Any CPU.ActiveCfg = Debug|Any CPU
		{8ACB88F7-BCB2-41D3-8345-1BD0C603F8A7}.Debug|Any CPU.Build.0 = Debug|Any CPU
		{8ACB88F7-BCB2-41D3-8345-1BD0C603F8A7}.Debug|x64.ActiveCfg = Debug|Any CPU
		{8ACB88F7-BCB2-41D3-8345-1BD0C603F8A7}.Debug|x64.Build.0 = Debug|Any CPU
		{8ACB88F7-BCB2-41D3-8345-1BD0C603F8A7}.Debug|x86.ActiveCfg = Debug|Any CPU
		{8ACB88F7-BCB2-41D3-8345-1BD0C603F8A7}.Debug|x86.Build.0 = Debug|Any CPU
		{8ACB88F7-BCB2-41D3-8345-1BD0C603F8A7}.Release|Any CPU.ActiveCfg = Release|Any CPU
		{8ACB88F7-BCB2-41D3-8345-1BD0C603F8A7}.Release|Any CPU.Build.0 = Release|Any CPU
		{8ACB88F7-BCB2-41D3-8345-1BD0C603F8A7}.Release|x64.ActiveCfg = Release|Any CPU
		{8ACB88F7-BCB2-41D3-8345-1BD0C603F8A7}.Release|x64.Build.0 = Release|Any CPU
		{8ACB88F7-BCB2-41D3-8345-1BD0C603F8A7}.Release|x86.ActiveCfg = Release|Any CPU
		{8ACB88F7-BCB2-41D3-8345-1BD0C603F8A7}.Release|x86.Build.0 = Release|Any CPU
		{8C124932-BACE-4A6D-81EF-78459BE6EDBA}.Debug|Any CPU.ActiveCfg = Debug|Any CPU
		{8C124932-BACE-4A6D-81EF-78459BE6EDBA}.Debug|Any CPU.Build.0 = Debug|Any CPU
		{8C124932-BACE-4A6D-81EF-78459BE6EDBA}.Debug|x64.ActiveCfg = Debug|Any CPU
		{8C124932-BACE-4A6D-81EF-78459BE6EDBA}.Debug|x64.Build.0 = Debug|Any CPU
		{8C124932-BACE-4A6D-81EF-78459BE6EDBA}.Debug|x86.ActiveCfg = Debug|Any CPU
		{8C124932-BACE-4A6D-81EF-78459BE6EDBA}.Debug|x86.Build.0 = Debug|Any CPU
		{8C124932-BACE-4A6D-81EF-78459BE6EDBA}.Release|Any CPU.ActiveCfg = Release|Any CPU
		{8C124932-BACE-4A6D-81EF-78459BE6EDBA}.Release|Any CPU.Build.0 = Release|Any CPU
		{8C124932-BACE-4A6D-81EF-78459BE6EDBA}.Release|x64.ActiveCfg = Release|Any CPU
		{8C124932-BACE-4A6D-81EF-78459BE6EDBA}.Release|x64.Build.0 = Release|Any CPU
		{8C124932-BACE-4A6D-81EF-78459BE6EDBA}.Release|x86.ActiveCfg = Release|Any CPU
		{8C124932-BACE-4A6D-81EF-78459BE6EDBA}.Release|x86.Build.0 = Release|Any CPU
	EndGlobalSection
	GlobalSection(SolutionProperties) = preSolution
		HideSolutionNode = FALSE
	EndGlobalSection
	GlobalSection(ExtensibilityGlobals) = postSolution
		SolutionGuid = {3CB8E66D-80CB-48B9-A34B-6FB4BDD921C7}
	EndGlobalSection
EndGlobal
